
Microsoft Visual Studio Solution File, Format Version 12.00
# Visual Studio Version 17
VisualStudioVersion = 17.5.002.0
MinimumVisualStudioVersion = 10.0.40219.1
Project("{9A19103F-16F7-4668-BE54-9A1E7A4F7556}") = "FinalProject", "FinalProject\FinalProject.csproj", "{3A8FCB0F-023C-4A41-84EC-2D1F4E956148}"
EndProject
Project("{9A19103F-16F7-4668-BE54-9A1E7A4F7556}") = "Foundation1", "Foundation1\Foundation1.csproj", "{56DA530D-9B67-4F35-9B6F-E2429AE3BF30}"
EndProject
Project("{9A19103F-16F7-4668-BE54-9A1E7A4F7556}") = "Foundation2", "Foundation2\Foundation2.csproj", "{38F8BAB3-028E-4B51-988F-DD24F4694927}"
EndProject
Project("{9A19103F-16F7-4668-BE54-9A1E7A4F7556}") = "Foundation3", "Foundation3\Foundation3.csproj", "{B5DD7E55-6C12-4B33-9287-EAB5D82962C7}"
EndProject
Project("{9A19103F-16F7-4668-BE54-9A1E7A4F7556}") = "Foundation4", "Foundation4\Foundation4.csproj", "{A0C3EA10-3F3A-416A-9876-FDBD8A789EF0}"
EndProject
Global
	GlobalSection(SolutionConfigurationPlatforms) = preSolution
		Debug|Any CPU = Debug|Any CPU
		Release|Any CPU = Release|Any CPU
	EndGlobalSection
	GlobalSection(ProjectConfigurationPlatforms) = postSolution
		{3A8FCB0F-023C-4A41-84EC-2D1F4E956148}.Debug|Any CPU.ActiveCfg = Debug|Any CPU
		{3A8FCB0F-023C-4A41-84EC-2D1F4E956148}.Debug|Any CPU.Build.0 = Debug|Any CPU
		{3A8FCB0F-023C-4A41-84EC-2D1F4E956148}.Release|Any CPU.ActiveCfg = Release|Any CPU
		{3A8FCB0F-023C-4A41-84EC-2D1F4E956148}.Release|Any CPU.Build.0 = Release|Any CPU
		{56DA530D-9B67-4F35-9B6F-E2429AE3BF30}.Debug|Any CPU.ActiveCfg = Debug|Any CPU
		{56DA530D-9B67-4F35-9B6F-E2429AE3BF30}.Debug|Any CPU.Build.0 = Debug|Any CPU
		{56DA530D-9B67-4F35-9B6F-E2429AE3BF30}.Release|Any CPU.ActiveCfg = Release|Any CPU
		{56DA530D-9B67-4F35-9B6F-E2429AE3BF30}.Release|Any CPU.Build.0 = Release|Any CPU
		{38F8BAB3-028E-4B51-988F-DD24F4694927}.Debug|Any CPU.ActiveCfg = Debug|Any CPU
		{38F8BAB3-028E-4B51-988F-DD24F4694927}.Debug|Any CPU.Build.0 = Debug|Any CPU
		{38F8BAB3-028E-4B51-988F-DD24F4694927}.Release|Any CPU.ActiveCfg = Release|Any CPU
		{38F8BAB3-028E-4B51-988F-DD24F4694927}.Release|Any CPU.Build.0 = Release|Any CPU
		{B5DD7E55-6C12-4B33-9287-EAB5D82962C7}.Debug|Any CPU.ActiveCfg = Debug|Any CPU
		{B5DD7E55-6C12-4B33-9287-EAB5D82962C7}.Debug|Any CPU.Build.0 = Debug|Any CPU
		{B5DD7E55-6C12-4B33-9287-EAB5D82962C7}.Release|Any CPU.ActiveCfg = Release|Any CPU
		{B5DD7E55-6C12-4B33-9287-EAB5D82962C7}.Release|Any CPU.Build.0 = Release|Any CPU
		{A0C3EA10-3F3A-416A-9876-FDBD8A789EF0}.Debug|Any CPU.ActiveCfg = Debug|Any CPU
		{A0C3EA10-3F3A-416A-9876-FDBD8A789EF0}.Debug|Any CPU.Build.0 = Debug|Any CPU
		{A0C3EA10-3F3A-416A-9876-FDBD8A789EF0}.Release|Any CPU.ActiveCfg = Release|Any CPU
		{A0C3EA10-3F3A-416A-9876-FDBD8A789EF0}.Release|Any CPU.Build.0 = Release|Any CPU
	EndGlobalSection
	GlobalSection(SolutionProperties) = preSolution
		HideSolutionNode = FALSE
	EndGlobalSection
	GlobalSection(ExtensibilityGlobals) = postSolution
		SolutionGuid = {3FE15104-40E7-4D49-9BAA-C930F765D7E7}
	EndGlobalSection
EndGlobal
