
Microsoft Visual Studio Solution File, Format Version 12.00
# Visual Studio Version 17
VisualStudioVersion = 17.5.002.0
MinimumVisualStudioVersion = 10.0.40219.1
Project("{9A19103F-16F7-4668-BE54-9A1E7A4F7556}") = "Develop02", "Develop02\Develop02.csproj", "{65A08FBB-B478-4BF8-9822-CA0348026E5B}"
EndProject
Project("{9A19103F-16F7-4668-BE54-9A1E7A4F7556}") = "Develop03", "Develop03\Develop03.csproj", "{C7E61CC5-3DAD-40C9-AEA1-15AEA63A0E84}"
EndProject
Project("{9A19103F-16F7-4668-BE54-9A1E7A4F7556}") = "Develop04", "Develop04\Develop04.csproj", "{F40B0CB1-B5D9-4D6C-8631-DF8F62490688}"
EndProject
Project("{9A19103F-16F7-4668-BE54-9A1E7A4F7556}") = "Develop05", "Develop05\Develop05.csproj", "{7632C995-AA60-4D8A-B5FE-71AA8EB4FA4E}"
EndProject
Global
	GlobalSection(SolutionConfigurationPlatforms) = preSolution
		Debug|Any CPU = Debug|Any CPU
		Release|Any CPU = Release|Any CPU
	EndGlobalSection
	GlobalSection(ProjectConfigurationPlatforms) = postSolution
		{65A08FBB-B478-4BF8-9822-CA0348026E5B}.Debug|Any CPU.ActiveCfg = Debug|Any CPU
		{65A08FBB-B478-4BF8-9822-CA0348026E5B}.Debug|Any CPU.Build.0 = Debug|Any CPU
		{65A08FBB-B478-4BF8-9822-CA0348026E5B}.Release|Any CPU.ActiveCfg = Release|Any CPU
		{65A08FBB-B478-4BF8-9822-CA0348026E5B}.Release|Any CPU.Build.0 = Release|Any CPU
		{C7E61CC5-3DAD-40C9-AEA1-15AEA63A0E84}.Debug|Any CPU.ActiveCfg = Debug|Any CPU
		{C7E61CC5-3DAD-40C9-AEA1-15AEA63A0E84}.Debug|Any CPU.Build.0 = Debug|Any CPU
		{C7E61CC5-3DAD-40C9-AEA1-15AEA63A0E84}.Release|Any CPU.ActiveCfg = Release|Any CPU
		{C7E61CC5-3DAD-40C9-AEA1-15AEA63A0E84}.Release|Any CPU.Build.0 = Release|Any CPU
		{F40B0CB1-B5D9-4D6C-8631-DF8F62490688}.Debug|Any CPU.ActiveCfg = Debug|Any CPU
		{F40B0CB1-B5D9-4D6C-8631-DF8F62490688}.Debug|Any CPU.Build.0 = Debug|Any CPU
		{F40B0CB1-B5D9-4D6C-8631-DF8F62490688}.Release|Any CPU.ActiveCfg = Release|Any CPU
		{F40B0CB1-B5D9-4D6C-8631-DF8F62490688}.Release|Any CPU.Build.0 = Release|Any CPU
		{7632C995-AA60-4D8A-B5FE-71AA8EB4FA4E}.Debug|Any CPU.ActiveCfg = Debug|Any CPU
		{7632C995-AA60-4D8A-B5FE-71AA8EB4FA4E}.Debug|Any CPU.Build.0 = Debug|Any CPU
		{7632C995-AA60-4D8A-B5FE-71AA8EB4FA4E}.Release|Any CPU.ActiveCfg = Release|Any CPU
		{7632C995-AA60-4D8A-B5FE-71AA8EB4FA4E}.Release|Any CPU.Build.0 = Release|Any CPU
	EndGlobalSection
	GlobalSection(SolutionProperties) = preSolution
		HideSolutionNode = FALSE
	EndGlobalSection
	GlobalSection(ExtensibilityGlobals) = postSolution
		SolutionGuid = {D7044310-8B73-4B01-A758-6F2A3642DCE8}
	EndGlobalSection
EndGlobal
